
Microsoft Visual Studio Solution File, Format Version 12.00
# Visual Studio 2013
VisualStudioVersion = 12.0.40629.0
MinimumVisualStudioVersion = 10.0.40219.1
Project("{FAE04EC0-301F-11D3-BF4B-00C04F79EFBC}") = "mustacheTemplates", "mustacheTemplates\mustacheTemplates.csproj", "{82F6BAAA-CD41-4FE9-851D-2D9355FC7D60}"
EndProject
Global
	GlobalSection(SolutionConfigurationPlatforms) = preSolution
		Debug|Any CPU = Debug|Any CPU
		Release|Any CPU = Release|Any CPU
	EndGlobalSection
	GlobalSection(ProjectConfigurationPlatforms) = postSolution
		{82F6BAAA-CD41-4FE9-851D-2D9355FC7D60}.Debug|Any CPU.ActiveCfg = Debug|Any CPU
		{82F6BAAA-CD41-4FE9-851D-2D9355FC7D60}.Debug|Any CPU.Build.0 = Debug|Any CPU
		{82F6BAAA-CD41-4FE9-851D-2D9355FC7D60}.Release|Any CPU.ActiveCfg = Release|Any CPU
		{82F6BAAA-CD41-4FE9-851D-2D9355FC7D60}.Release|Any CPU.Build.0 = Release|Any CPU
	EndGlobalSection
	GlobalSection(SolutionProperties) = preSolution
		HideSolutionNode = FALSE
	EndGlobalSection
EndGlobal
